
Microsoft Visual Studio Solution File, Format Version 12.00
# Visual Studio Version 17
VisualStudioVersion = 17.0.31903.59
MinimumVisualStudioVersion = 10.0.40219.1
Project("{8BC9CEB8-8B4A-11D0-8D11-00A0C91BC942}") = "TcpClient", "TcpClient\TcpClient.vcxproj", "{A26700AA-57B0-43A2-9324-58A5F66953B7}"
EndProject
Global
	GlobalSection(SolutionConfigurationPlatforms) = preSolution
		Debug|x64 = Debug|x64
		Debug|x86 = Debug|x86
		Release|x64 = Release|x64
		Release|x86 = Release|x86
	EndGlobalSection
	GlobalSection(ProjectConfigurationPlatforms) = postSolution
		{A26700AA-57B0-43A2-9324-58A5F66953B7}.Debug|x64.ActiveCfg = Debug|x64
		{A26700AA-57B0-43A2-9324-58A5F66953B7}.Debug|x64.Build.0 = Debug|x64
		{A26700AA-57B0-43A2-9324-58A5F66953B7}.Debug|x86.ActiveCfg = Debug|Win32
		{A26700AA-57B0-43A2-9324-58A5F66953B7}.Debug|x86.Build.0 = Debug|Win32
		{A26700AA-57B0-43A2-9324-58A5F66953B7}.Release|x64.ActiveCfg = Release|x64
		{A26700AA-57B0-43A2-9324-58A5F66953B7}.Release|x64.Build.0 = Release|x64
		{A26700AA-57B0-43A2-9324-58A5F66953B7}.Release|x86.ActiveCfg = Release|Win32
		{A26700AA-57B0-43A2-9324-58A5F66953B7}.Release|x86.Build.0 = Release|Win32
	EndGlobalSection
	GlobalSection(SolutionProperties) = preSolution
		HideSolutionNode = FALSE
	EndGlobalSection
	GlobalSection(ExtensibilityGlobals) = postSolution
		SolutionGuid = {FE2720C8-5FC9-4B4A-AE4E-F550F4338ED1}
	EndGlobalSection
EndGlobal
